
Microsoft Visual Studio Solution File, Format Version 12.00
# Visual Studio 2012
Project("{FAE04EC0-301F-11D3-BF4B-00C04F79EFBC}") = "EstimoteBinding", "EstimoteBinding\EstimoteBinding.csproj", "{E353DE49-ECDD-4292-872C-9A0052806BC2}"
EndProject
Global
	GlobalSection(SolutionConfigurationPlatforms) = preSolution
		Debug|Any CPU = Debug|Any CPU
		Release|Any CPU = Release|Any CPU
	EndGlobalSection
	GlobalSection(ProjectConfigurationPlatforms) = postSolution
		{E353DE49-ECDD-4292-872C-9A0052806BC2}.Debug|Any CPU.ActiveCfg = Debug|Any CPU
		{E353DE49-ECDD-4292-872C-9A0052806BC2}.Debug|Any CPU.Build.0 = Debug|Any CPU
		{E353DE49-ECDD-4292-872C-9A0052806BC2}.Release|Any CPU.ActiveCfg = Release|Any CPU
		{E353DE49-ECDD-4292-872C-9A0052806BC2}.Release|Any CPU.Build.0 = Release|Any CPU
	EndGlobalSection
EndGlobal
