
Microsoft Visual Studio Solution File, Format Version 12.00
# Visual Studio 2012
VisualStudioVersion = 12.0.31101.0
MinimumVisualStudioVersion = 10.0.40219.1
Project("{FAE04EC0-301F-11D3-BF4B-00C04F79EFBC}") = "TestApp", "TestApp\TestApp\TestApp.csproj", "{7701F0A2-54C2-4694-917F-59DA0EF0BF5B}"
EndProject
Project("{FAE04EC0-301F-11D3-BF4B-00C04F79EFBC}") = "TestApp.iOS", "TestApp\iOS\TestApp.iOS.csproj", "{645849CB-F0A5-4472-90A8-DCB7BB80022A}"
EndProject
Project("{FAE04EC0-301F-11D3-BF4B-00C04F79EFBC}") = "TestApp.Droid", "TestApp\Droid\TestApp.Droid.csproj", "{F7AF6A52-4E9A-4AE9-BB3C-435B5197898A}"
EndProject
Global
	GlobalSection(SolutionConfigurationPlatforms) = preSolution
		Ad-Hoc|Any CPU = Ad-Hoc|Any CPU
		Ad-Hoc|ARM = Ad-Hoc|ARM
		Ad-Hoc|iPhone = Ad-Hoc|iPhone
		Ad-Hoc|iPhoneSimulator = Ad-Hoc|iPhoneSimulator
		Ad-Hoc|Mixed Platforms = Ad-Hoc|Mixed Platforms
		Ad-Hoc|x86 = Ad-Hoc|x86
		AppStore|Any CPU = AppStore|Any CPU
		AppStore|ARM = AppStore|ARM
		AppStore|iPhone = AppStore|iPhone
		AppStore|iPhoneSimulator = AppStore|iPhoneSimulator
		AppStore|Mixed Platforms = AppStore|Mixed Platforms
		AppStore|x86 = AppStore|x86
		Debug|Any CPU = Debug|Any CPU
		Debug|ARM = Debug|ARM
		Debug|iPhone = Debug|iPhone
		Debug|iPhoneSimulator = Debug|iPhoneSimulator
		Debug|Mixed Platforms = Debug|Mixed Platforms
		Debug|x86 = Debug|x86
		Release|Any CPU = Release|Any CPU
		Release|ARM = Release|ARM
		Release|iPhone = Release|iPhone
		Release|iPhoneSimulator = Release|iPhoneSimulator
		Release|Mixed Platforms = Release|Mixed Platforms
		Release|x86 = Release|x86
	EndGlobalSection
	GlobalSection(ProjectConfigurationPlatforms) = postSolution
		{645849CB-F0A5-4472-90A8-DCB7BB80022A}.Ad-Hoc|Any CPU.ActiveCfg = Ad-Hoc|iPhoneSimulator
		{645849CB-F0A5-4472-90A8-DCB7BB80022A}.Ad-Hoc|ARM.ActiveCfg = Ad-Hoc|iPhoneSimulator
		{645849CB-F0A5-4472-90A8-DCB7BB80022A}.Ad-Hoc|iPhone.ActiveCfg = Ad-Hoc|iPhone
		{645849CB-F0A5-4472-90A8-DCB7BB80022A}.Ad-Hoc|iPhone.Build.0 = Ad-Hoc|iPhone
		{645849CB-F0A5-4472-90A8-DCB7BB80022A}.Ad-Hoc|iPhoneSimulator.ActiveCfg = Ad-Hoc|iPhoneSimulator
		{645849CB-F0A5-4472-90A8-DCB7BB80022A}.Ad-Hoc|iPhoneSimulator.Build.0 = Ad-Hoc|iPhoneSimulator
		{645849CB-F0A5-4472-90A8-DCB7BB80022A}.Ad-Hoc|Mixed Platforms.ActiveCfg = Ad-Hoc|iPhoneSimulator
		{645849CB-F0A5-4472-90A8-DCB7BB80022A}.Ad-Hoc|Mixed Platforms.Build.0 = Ad-Hoc|iPhoneSimulator
		{645849CB-F0A5-4472-90A8-DCB7BB80022A}.Ad-Hoc|x86.ActiveCfg = Ad-Hoc|iPhoneSimulator
		{645849CB-F0A5-4472-90A8-DCB7BB80022A}.AppStore|Any CPU.ActiveCfg = AppStore|iPhoneSimulator
		{645849CB-F0A5-4472-90A8-DCB7BB80022A}.AppStore|ARM.ActiveCfg = AppStore|iPhoneSimulator
		{645849CB-F0A5-4472-90A8-DCB7BB80022A}.AppStore|iPhone.ActiveCfg = AppStore|iPhone
		{645849CB-F0A5-4472-90A8-DCB7BB80022A}.AppStore|iPhone.Build.0 = AppStore|iPhone
		{645849CB-F0A5-4472-90A8-DCB7BB80022A}.AppStore|iPhoneSimulator.ActiveCfg = AppStore|iPhoneSimulator
		{645849CB-F0A5-4472-90A8-DCB7BB80022A}.AppStore|iPhoneSimulator.Build.0 = AppStore|iPhoneSimulator
		{645849CB-F0A5-4472-90A8-DCB7BB80022A}.AppStore|Mixed Platforms.ActiveCfg = AppStore|iPhoneSimulator
		{645849CB-F0A5-4472-90A8-DCB7BB80022A}.AppStore|Mixed Platforms.Build.0 = AppStore|iPhoneSimulator
		{645849CB-F0A5-4472-90A8-DCB7BB80022A}.AppStore|x86.ActiveCfg = AppStore|iPhoneSimulator
		{645849CB-F0A5-4472-90A8-DCB7BB80022A}.Debug|Any CPU.ActiveCfg = Debug|iPhoneSimulator
		{645849CB-F0A5-4472-90A8-DCB7BB80022A}.Debug|Any CPU.Build.0 = Debug|iPhoneSimulator
		{645849CB-F0A5-4472-90A8-DCB7BB80022A}.Debug|ARM.ActiveCfg = Debug|iPhone
		{645849CB-F0A5-4472-90A8-DCB7BB80022A}.Debug|iPhone.ActiveCfg = Debug|iPhone
		{645849CB-F0A5-4472-90A8-DCB7BB80022A}.Debug|iPhone.Build.0 = Debug|iPhone
		{645849CB-F0A5-4472-90A8-DCB7BB80022A}.Debug|iPhoneSimulator.ActiveCfg = Debug|iPhoneSimulator
		{645849CB-F0A5-4472-90A8-DCB7BB80022A}.Debug|iPhoneSimulator.Build.0 = Debug|iPhoneSimulator
		{645849CB-F0A5-4472-90A8-DCB7BB80022A}.Debug|Mixed Platforms.ActiveCfg = Debug|iPhone
		{645849CB-F0A5-4472-90A8-DCB7BB80022A}.Debug|Mixed Platforms.Build.0 = Debug|iPhone
		{645849CB-F0A5-4472-90A8-DCB7BB80022A}.Debug|x86.ActiveCfg = Debug|iPhone
		{645849CB-F0A5-4472-90A8-DCB7BB80022A}.Release|Any CPU.ActiveCfg = Release|iPhoneSimulator
		{645849CB-F0A5-4472-90A8-DCB7BB80022A}.Release|Any CPU.Build.0 = Release|iPhoneSimulator
		{645849CB-F0A5-4472-90A8-DCB7BB80022A}.Release|ARM.ActiveCfg = Release|iPhone
		{645849CB-F0A5-4472-90A8-DCB7BB80022A}.Release|iPhone.ActiveCfg = Release|iPhone
		{645849CB-F0A5-4472-90A8-DCB7BB80022A}.Release|iPhone.Build.0 = Release|iPhone
		{645849CB-F0A5-4472-90A8-DCB7BB80022A}.Release|iPhoneSimulator.ActiveCfg = Release|iPhoneSimulator
		{645849CB-F0A5-4472-90A8-DCB7BB80022A}.Release|iPhoneSimulator.Build.0 = Release|iPhoneSimulator
		{645849CB-F0A5-4472-90A8-DCB7BB80022A}.Release|Mixed Platforms.ActiveCfg = Release|iPhone
		{645849CB-F0A5-4472-90A8-DCB7BB80022A}.Release|Mixed Platforms.Build.0 = Release|iPhone
		{645849CB-F0A5-4472-90A8-DCB7BB80022A}.Release|x86.ActiveCfg = Release|iPhone
		{7701F0A2-54C2-4694-917F-59DA0EF0BF5B}.Ad-Hoc|Any CPU.ActiveCfg = Release|Any CPU
		{7701F0A2-54C2-4694-917F-59DA0EF0BF5B}.Ad-Hoc|Any CPU.Build.0 = Release|Any CPU
		{7701F0A2-54C2-4694-917F-59DA0EF0BF5B}.Ad-Hoc|ARM.ActiveCfg = Release|Any CPU
		{7701F0A2-54C2-4694-917F-59DA0EF0BF5B}.Ad-Hoc|iPhone.ActiveCfg = Debug|Any CPU
		{7701F0A2-54C2-4694-917F-59DA0EF0BF5B}.Ad-Hoc|iPhone.Build.0 = Debug|Any CPU
		{7701F0A2-54C2-4694-917F-59DA0EF0BF5B}.Ad-Hoc|iPhoneSimulator.ActiveCfg = Release|Any CPU
		{7701F0A2-54C2-4694-917F-59DA0EF0BF5B}.Ad-Hoc|Mixed Platforms.ActiveCfg = Release|Any CPU
		{7701F0A2-54C2-4694-917F-59DA0EF0BF5B}.Ad-Hoc|Mixed Platforms.Build.0 = Release|Any CPU
		{7701F0A2-54C2-4694-917F-59DA0EF0BF5B}.Ad-Hoc|x86.ActiveCfg = Release|Any CPU
		{7701F0A2-54C2-4694-917F-59DA0EF0BF5B}.AppStore|Any CPU.ActiveCfg = Release|Any CPU
		{7701F0A2-54C2-4694-917F-59DA0EF0BF5B}.AppStore|Any CPU.Build.0 = Release|Any CPU
		{7701F0A2-54C2-4694-917F-59DA0EF0BF5B}.AppStore|ARM.ActiveCfg = Release|Any CPU
		{7701F0A2-54C2-4694-917F-59DA0EF0BF5B}.AppStore|iPhone.ActiveCfg = Debug|Any CPU
		{7701F0A2-54C2-4694-917F-59DA0EF0BF5B}.AppStore|iPhone.Build.0 = Debug|Any CPU
		{7701F0A2-54C2-4694-917F-59DA0EF0BF5B}.AppStore|iPhoneSimulator.ActiveCfg = Release|Any CPU
		{7701F0A2-54C2-4694-917F-59DA0EF0BF5B}.AppStore|Mixed Platforms.ActiveCfg = Release|Any CPU
		{7701F0A2-54C2-4694-917F-59DA0EF0BF5B}.AppStore|Mixed Platforms.Build.0 = Release|Any CPU
		{7701F0A2-54C2-4694-917F-59DA0EF0BF5B}.AppStore|x86.ActiveCfg = Release|Any CPU
		{7701F0A2-54C2-4694-917F-59DA0EF0BF5B}.Debug|Any CPU.ActiveCfg = Debug|Any CPU
		{7701F0A2-54C2-4694-917F-59DA0EF0BF5B}.Debug|Any CPU.Build.0 = Debug|Any CPU
		{7701F0A2-54C2-4694-917F-59DA0EF0BF5B}.Debug|ARM.ActiveCfg = Debug|Any CPU
		{7701F0A2-54C2-4694-917F-59DA0EF0BF5B}.Debug|iPhone.ActiveCfg = Debug|Any CPU
		{7701F0A2-54C2-4694-917F-59DA0EF0BF5B}.Debug|iPhone.Build.0 = Debug|Any CPU
		{7701F0A2-54C2-4694-917F-59DA0EF0BF5B}.Debug|iPhoneSimulator.ActiveCfg = Debug|Any CPU
		{7701F0A2-54C2-4694-917F-59DA0EF0BF5B}.Debug|iPhoneSimulator.Build.0 = Debug|Any CPU
		{7701F0A2-54C2-4694-917F-59DA0EF0BF5B}.Debug|Mixed Platforms.ActiveCfg = Debug|Any CPU
		{7701F0A2-54C2-4694-917F-59DA0EF0BF5B}.Debug|Mixed Platforms.Build.0 = Debug|Any CPU
		{7701F0A2-54C2-4694-917F-59DA0EF0BF5B}.Debug|x86.ActiveCfg = Debug|Any CPU
		{7701F0A2-54C2-4694-917F-59DA0EF0BF5B}.Release|Any CPU.ActiveCfg = Release|Any CPU
		{7701F0A2-54C2-4694-917F-59DA0EF0BF5B}.Release|Any CPU.Build.0 = Release|Any CPU
		{7701F0A2-54C2-4694-917F-59DA0EF0BF5B}.Release|ARM.ActiveCfg = Release|Any CPU
		{7701F0A2-54C2-4694-917F-59DA0EF0BF5B}.Release|iPhone.ActiveCfg = Release|Any CPU
		{7701F0A2-54C2-4694-917F-59DA0EF0BF5B}.Release|iPhone.Build.0 = Release|Any CPU
		{7701F0A2-54C2-4694-917F-59DA0EF0BF5B}.Release|iPhoneSimulator.ActiveCfg = Release|Any CPU
		{7701F0A2-54C2-4694-917F-59DA0EF0BF5B}.Release|iPhoneSimulator.Build.0 = Release|Any CPU
		{7701F0A2-54C2-4694-917F-59DA0EF0BF5B}.Release|Mixed Platforms.ActiveCfg = Release|Any CPU
		{7701F0A2-54C2-4694-917F-59DA0EF0BF5B}.Release|Mixed Platforms.Build.0 = Release|Any CPU
		{7701F0A2-54C2-4694-917F-59DA0EF0BF5B}.Release|x86.ActiveCfg = Release|Any CPU
		{F7AF6A52-4E9A-4AE9-BB3C-435B5197898A}.Ad-Hoc|Any CPU.ActiveCfg = Debug|Any CPU
		{F7AF6A52-4E9A-4AE9-BB3C-435B5197898A}.Ad-Hoc|Any CPU.Build.0 = Debug|Any CPU
		{F7AF6A52-4E9A-4AE9-BB3C-435B5197898A}.Ad-Hoc|ARM.ActiveCfg = Debug|Any CPU
		{F7AF6A52-4E9A-4AE9-BB3C-435B5197898A}.Ad-Hoc|ARM.Build.0 = Debug|Any CPU
		{F7AF6A52-4E9A-4AE9-BB3C-435B5197898A}.Ad-Hoc|iPhone.ActiveCfg = Release|Any CPU
		{F7AF6A52-4E9A-4AE9-BB3C-435B5197898A}.Ad-Hoc|iPhone.Build.0 = Release|Any CPU
		{F7AF6A52-4E9A-4AE9-BB3C-435B5197898A}.Ad-Hoc|iPhoneSimulator.ActiveCfg = Debug|Any CPU
		{F7AF6A52-4E9A-4AE9-BB3C-435B5197898A}.Ad-Hoc|iPhoneSimulator.Build.0 = Debug|Any CPU
		{F7AF6A52-4E9A-4AE9-BB3C-435B5197898A}.Ad-Hoc|Mixed Platforms.ActiveCfg = Debug|Any CPU
		{F7AF6A52-4E9A-4AE9-BB3C-435B5197898A}.Ad-Hoc|Mixed Platforms.Build.0 = Debug|Any CPU
		{F7AF6A52-4E9A-4AE9-BB3C-435B5197898A}.Ad-Hoc|x86.ActiveCfg = Debug|Any CPU
		{F7AF6A52-4E9A-4AE9-BB3C-435B5197898A}.Ad-Hoc|x86.Build.0 = Debug|Any CPU
		{F7AF6A52-4E9A-4AE9-BB3C-435B5197898A}.AppStore|Any CPU.ActiveCfg = Debug|Any CPU
		{F7AF6A52-4E9A-4AE9-BB3C-435B5197898A}.AppStore|Any CPU.Build.0 = Debug|Any CPU
		{F7AF6A52-4E9A-4AE9-BB3C-435B5197898A}.AppStore|ARM.ActiveCfg = Debug|Any CPU
		{F7AF6A52-4E9A-4AE9-BB3C-435B5197898A}.AppStore|ARM.Build.0 = Debug|Any CPU
		{F7AF6A52-4E9A-4AE9-BB3C-435B5197898A}.AppStore|iPhone.ActiveCfg = Release|Any CPU
		{F7AF6A52-4E9A-4AE9-BB3C-435B5197898A}.AppStore|iPhone.Build.0 = Release|Any CPU
		{F7AF6A52-4E9A-4AE9-BB3C-435B5197898A}.AppStore|iPhoneSimulator.ActiveCfg = Debug|Any CPU
		{F7AF6A52-4E9A-4AE9-BB3C-435B5197898A}.AppStore|iPhoneSimulator.Build.0 = Debug|Any CPU
		{F7AF6A52-4E9A-4AE9-BB3C-435B5197898A}.AppStore|Mixed Platforms.ActiveCfg = Debug|Any CPU
		{F7AF6A52-4E9A-4AE9-BB3C-435B5197898A}.AppStore|Mixed Platforms.Build.0 = Debug|Any CPU
		{F7AF6A52-4E9A-4AE9-BB3C-435B5197898A}.AppStore|x86.ActiveCfg = Debug|Any CPU
		{F7AF6A52-4E9A-4AE9-BB3C-435B5197898A}.AppStore|x86.Build.0 = Debug|Any CPU
		{F7AF6A52-4E9A-4AE9-BB3C-435B5197898A}.Debug|Any CPU.ActiveCfg = Debug|Any CPU
		{F7AF6A52-4E9A-4AE9-BB3C-435B5197898A}.Debug|Any CPU.Build.0 = Debug|Any CPU
		{F7AF6A52-4E9A-4AE9-BB3C-435B5197898A}.Debug|ARM.ActiveCfg = Debug|Any CPU
		{F7AF6A52-4E9A-4AE9-BB3C-435B5197898A}.Debug|ARM.Build.0 = Debug|Any CPU
		{F7AF6A52-4E9A-4AE9-BB3C-435B5197898A}.Debug|iPhone.ActiveCfg = Debug|Any CPU
		{F7AF6A52-4E9A-4AE9-BB3C-435B5197898A}.Debug|iPhone.Build.0 = Debug|Any CPU
		{F7AF6A52-4E9A-4AE9-BB3C-435B5197898A}.Debug|iPhoneSimulator.ActiveCfg = Debug|Any CPU
		{F7AF6A52-4E9A-4AE9-BB3C-435B5197898A}.Debug|iPhoneSimulator.Build.0 = Debug|Any CPU
		{F7AF6A52-4E9A-4AE9-BB3C-435B5197898A}.Debug|Mixed Platforms.ActiveCfg = Debug|Any CPU
		{F7AF6A52-4E9A-4AE9-BB3C-435B5197898A}.Debug|Mixed Platforms.Build.0 = Debug|Any CPU
		{F7AF6A52-4E9A-4AE9-BB3C-435B5197898A}.Debug|x86.ActiveCfg = Debug|Any CPU
		{F7AF6A52-4E9A-4AE9-BB3C-435B5197898A}.Debug|x86.Build.0 = Debug|Any CPU
		{F7AF6A52-4E9A-4AE9-BB3C-435B5197898A}.Release|Any CPU.ActiveCfg = Release|Any CPU
		{F7AF6A52-4E9A-4AE9-BB3C-435B5197898A}.Release|Any CPU.Build.0 = Release|Any CPU
		{F7AF6A52-4E9A-4AE9-BB3C-435B5197898A}.Release|ARM.ActiveCfg = Release|Any CPU
		{F7AF6A52-4E9A-4AE9-BB3C-435B5197898A}.Release|ARM.Build.0 = Release|Any CPU
		{F7AF6A52-4E9A-4AE9-BB3C-435B5197898A}.Release|iPhone.ActiveCfg = Release|Any CPU
		{F7AF6A52-4E9A-4AE9-BB3C-435B5197898A}.Release|iPhone.Build.0 = Release|Any CPU
		{F7AF6A52-4E9A-4AE9-BB3C-435B5197898A}.Release|iPhoneSimulator.ActiveCfg = Release|Any CPU
		{F7AF6A52-4E9A-4AE9-BB3C-435B5197898A}.Release|iPhoneSimulator.Build.0 = Release|Any CPU
		{F7AF6A52-4E9A-4AE9-BB3C-435B5197898A}.Release|Mixed Platforms.ActiveCfg = Release|Any CPU
		{F7AF6A52-4E9A-4AE9-BB3C-435B5197898A}.Release|Mixed Platforms.Build.0 = Release|Any CPU
		{F7AF6A52-4E9A-4AE9-BB3C-435B5197898A}.Release|x86.ActiveCfg = Release|Any CPU
		{F7AF6A52-4E9A-4AE9-BB3C-435B5197898A}.Release|x86.Build.0 = Release|Any CPU
	EndGlobalSection
	GlobalSection(SolutionProperties) = preSolution
		HideSolutionNode = FALSE
	EndGlobalSection
EndGlobal
