
Microsoft Visual Studio Solution File, Format Version 12.00
# Visual Studio 2012
Project("{FAE04EC0-301F-11D3-BF4B-00C04F79EFBC}") = "TestApp", "TestApp\TestApp.csproj", "{1C94746B-9823-4E47-A465-B2B7F6B098BC}"
EndProject
Project("{FAE04EC0-301F-11D3-BF4B-00C04F79EFBC}") = "TestApp.iOS", "iOS\TestApp.iOS.csproj", "{35D9E74E-F8FD-471B-BEF7-DB45C37FD513}"
EndProject
Project("{FAE04EC0-301F-11D3-BF4B-00C04F79EFBC}") = "EstimoteBinding", "..\EstimoteBinding\EstimoteBinding.csproj", "{E353DE49-ECDD-4292-872C-9A0052806BC2}"
EndProject
Global
	GlobalSection(SolutionConfigurationPlatforms) = preSolution
		Debug|Any CPU = Debug|Any CPU
		Release|Any CPU = Release|Any CPU
		Debug|iPhoneSimulator = Debug|iPhoneSimulator
		Release|iPhoneSimulator = Release|iPhoneSimulator
		Debug|iPhone = Debug|iPhone
		Release|iPhone = Release|iPhone
		Ad-Hoc|iPhone = Ad-Hoc|iPhone
		AppStore|iPhone = AppStore|iPhone
	EndGlobalSection
	GlobalSection(ProjectConfigurationPlatforms) = postSolution
		{1C94746B-9823-4E47-A465-B2B7F6B098BC}.Ad-Hoc|iPhone.ActiveCfg = Debug|Any CPU
		{1C94746B-9823-4E47-A465-B2B7F6B098BC}.Ad-Hoc|iPhone.Build.0 = Debug|Any CPU
		{1C94746B-9823-4E47-A465-B2B7F6B098BC}.AppStore|iPhone.ActiveCfg = Debug|Any CPU
		{1C94746B-9823-4E47-A465-B2B7F6B098BC}.AppStore|iPhone.Build.0 = Debug|Any CPU
		{1C94746B-9823-4E47-A465-B2B7F6B098BC}.Debug|Any CPU.ActiveCfg = Debug|Any CPU
		{1C94746B-9823-4E47-A465-B2B7F6B098BC}.Debug|Any CPU.Build.0 = Debug|Any CPU
		{1C94746B-9823-4E47-A465-B2B7F6B098BC}.Debug|iPhone.ActiveCfg = Debug|Any CPU
		{1C94746B-9823-4E47-A465-B2B7F6B098BC}.Debug|iPhone.Build.0 = Debug|Any CPU
		{1C94746B-9823-4E47-A465-B2B7F6B098BC}.Debug|iPhoneSimulator.ActiveCfg = Debug|Any CPU
		{1C94746B-9823-4E47-A465-B2B7F6B098BC}.Debug|iPhoneSimulator.Build.0 = Debug|Any CPU
		{1C94746B-9823-4E47-A465-B2B7F6B098BC}.Release|Any CPU.ActiveCfg = Release|Any CPU
		{1C94746B-9823-4E47-A465-B2B7F6B098BC}.Release|Any CPU.Build.0 = Release|Any CPU
		{1C94746B-9823-4E47-A465-B2B7F6B098BC}.Release|iPhone.ActiveCfg = Release|Any CPU
		{1C94746B-9823-4E47-A465-B2B7F6B098BC}.Release|iPhone.Build.0 = Release|Any CPU
		{1C94746B-9823-4E47-A465-B2B7F6B098BC}.Release|iPhoneSimulator.ActiveCfg = Release|Any CPU
		{1C94746B-9823-4E47-A465-B2B7F6B098BC}.Release|iPhoneSimulator.Build.0 = Release|Any CPU
		{35D9E74E-F8FD-471B-BEF7-DB45C37FD513}.Ad-Hoc|iPhone.ActiveCfg = Ad-Hoc|iPhone
		{35D9E74E-F8FD-471B-BEF7-DB45C37FD513}.Ad-Hoc|iPhone.Build.0 = Ad-Hoc|iPhone
		{35D9E74E-F8FD-471B-BEF7-DB45C37FD513}.AppStore|iPhone.ActiveCfg = AppStore|iPhone
		{35D9E74E-F8FD-471B-BEF7-DB45C37FD513}.AppStore|iPhone.Build.0 = AppStore|iPhone
		{35D9E74E-F8FD-471B-BEF7-DB45C37FD513}.Debug|Any CPU.ActiveCfg = Debug|iPhoneSimulator
		{35D9E74E-F8FD-471B-BEF7-DB45C37FD513}.Debug|Any CPU.Build.0 = Debug|iPhoneSimulator
		{35D9E74E-F8FD-471B-BEF7-DB45C37FD513}.Debug|iPhone.ActiveCfg = Debug|iPhone
		{35D9E74E-F8FD-471B-BEF7-DB45C37FD513}.Debug|iPhone.Build.0 = Debug|iPhone
		{35D9E74E-F8FD-471B-BEF7-DB45C37FD513}.Debug|iPhoneSimulator.ActiveCfg = Debug|iPhoneSimulator
		{35D9E74E-F8FD-471B-BEF7-DB45C37FD513}.Debug|iPhoneSimulator.Build.0 = Debug|iPhoneSimulator
		{35D9E74E-F8FD-471B-BEF7-DB45C37FD513}.Release|Any CPU.ActiveCfg = Release|iPhoneSimulator
		{35D9E74E-F8FD-471B-BEF7-DB45C37FD513}.Release|Any CPU.Build.0 = Release|iPhoneSimulator
		{35D9E74E-F8FD-471B-BEF7-DB45C37FD513}.Release|iPhone.ActiveCfg = Release|iPhone
		{35D9E74E-F8FD-471B-BEF7-DB45C37FD513}.Release|iPhone.Build.0 = Release|iPhone
		{35D9E74E-F8FD-471B-BEF7-DB45C37FD513}.Release|iPhoneSimulator.ActiveCfg = Release|iPhoneSimulator
		{35D9E74E-F8FD-471B-BEF7-DB45C37FD513}.Release|iPhoneSimulator.Build.0 = Release|iPhoneSimulator
		{E353DE49-ECDD-4292-872C-9A0052806BC2}.Ad-Hoc|iPhone.ActiveCfg = Debug|Any CPU
		{E353DE49-ECDD-4292-872C-9A0052806BC2}.Ad-Hoc|iPhone.Build.0 = Debug|Any CPU
		{E353DE49-ECDD-4292-872C-9A0052806BC2}.AppStore|iPhone.ActiveCfg = Debug|Any CPU
		{E353DE49-ECDD-4292-872C-9A0052806BC2}.AppStore|iPhone.Build.0 = Debug|Any CPU
		{E353DE49-ECDD-4292-872C-9A0052806BC2}.Debug|Any CPU.ActiveCfg = Debug|Any CPU
		{E353DE49-ECDD-4292-872C-9A0052806BC2}.Debug|Any CPU.Build.0 = Debug|Any CPU
		{E353DE49-ECDD-4292-872C-9A0052806BC2}.Debug|iPhone.ActiveCfg = Debug|Any CPU
		{E353DE49-ECDD-4292-872C-9A0052806BC2}.Debug|iPhone.Build.0 = Debug|Any CPU
		{E353DE49-ECDD-4292-872C-9A0052806BC2}.Debug|iPhoneSimulator.ActiveCfg = Debug|Any CPU
		{E353DE49-ECDD-4292-872C-9A0052806BC2}.Debug|iPhoneSimulator.Build.0 = Debug|Any CPU
		{E353DE49-ECDD-4292-872C-9A0052806BC2}.Release|Any CPU.ActiveCfg = Release|Any CPU
		{E353DE49-ECDD-4292-872C-9A0052806BC2}.Release|Any CPU.Build.0 = Release|Any CPU
		{E353DE49-ECDD-4292-872C-9A0052806BC2}.Release|iPhone.ActiveCfg = Release|Any CPU
		{E353DE49-ECDD-4292-872C-9A0052806BC2}.Release|iPhone.Build.0 = Release|Any CPU
		{E353DE49-ECDD-4292-872C-9A0052806BC2}.Release|iPhoneSimulator.ActiveCfg = Release|Any CPU
		{E353DE49-ECDD-4292-872C-9A0052806BC2}.Release|iPhoneSimulator.Build.0 = Release|Any CPU
	EndGlobalSection
	GlobalSection(MonoDevelopProperties) = preSolution
		StartupItem = iOS\TestApp.iOS.csproj
	EndGlobalSection
EndGlobal
